// !$*UTF8*$!
{
	archiveVersion = 1;
	classes = {
	};
	objectVersion = 50;
	objects = {

/* Begin PBXBuildFile section */
		1B5F94D222188949005DA358 /* AppDelegate.swift in Sources */ = {isa = PBXBuildFile; fileRef = 1B5F94D122188949005DA358 /* AppDelegate.swift */; };
		1B5F94D422188949005DA358 /* ArticleViewController.swift in Sources */ = {isa = PBXBuildFile; fileRef = 1B5F94D322188949005DA358 /* ArticleViewController.swift */; };
		1B5F94D622188949005DA358 /* CvViewController.swift in Sources */ = {isa = PBXBuildFile; fileRef = 1B5F94D522188949005DA358 /* CvViewController.swift */; };
		1B5F94D922188949005DA358 /* Main.storyboard in Resources */ = {isa = PBXBuildFile; fileRef = 1B5F94D722188949005DA358 /* Main.storyboard */; };
		1B5F94DB22188949005DA358 /* Assets.xcassets in Resources */ = {isa = PBXBuildFile; fileRef = 1B5F94DA22188949005DA358 /* Assets.xcassets */; };
		1B5F94DE22188949005DA358 /* LaunchScreen.storyboard in Resources */ = {isa = PBXBuildFile; fileRef = 1B5F94DC22188949005DA358 /* LaunchScreen.storyboard */; };
		1B5F94E622189137005DA358 /* SettingViewController.swift in Sources */ = {isa = PBXBuildFile; fileRef = 1B5F94E522189137005DA358 /* SettingViewController.swift */; };
/* End PBXBuildFile section */

/* Begin PBXFileReference section */
		1B5F94CE22188949005DA358 /* zeynelakcaycom-ios.app */ = {isa = PBXFileReference; explicitFileType = wrapper.application; includeInIndex = 0; path = "zeynelakcaycom-ios.app"; sourceTree = BUILT_PRODUCTS_DIR; };
		1B5F94D122188949005DA358 /* AppDelegate.swift */ = {isa = PBXFileReference; lastKnownFileType = sourcecode.swift; path = AppDelegate.swift; sourceTree = "<group>"; };
		1B5F94D322188949005DA358 /* ArticleViewController.swift */ = {isa = PBXFileReference; lastKnownFileType = sourcecode.swift; path = ArticleViewController.swift; sourceTree = "<group>"; };
		1B5F94D522188949005DA358 /* CvViewController.swift */ = {isa = PBXFileReference; lastKnownFileType = sourcecode.swift; path = CvViewController.swift; sourceTree = "<group>"; };
		1B5F94D822188949005DA358 /* Base */ = {isa = PBXFileReference; lastKnownFileType = file.storyboard; name = Base; path = Base.lproj/Main.storyboard; sourceTree = "<group>"; };
		1B5F94DA22188949005DA358 /* Assets.xcassets */ = {isa = PBXFileReference; lastKnownFileType = folder.assetcatalog; path = Assets.xcassets; sourceTree = "<group>"; };
		1B5F94DD22188949005DA358 /* Base */ = {isa = PBXFileReference; lastKnownFileType = file.storyboard; name = Base; path = Base.lproj/LaunchScreen.storyboard; sourceTree = "<group>"; };
		1B5F94DF22188949005DA358 /* Info.plist */ = {isa = PBXFileReference; lastKnownFileType = text.plist.xml; path = Info.plist; sourceTree = "<group>"; };
		1B5F94E522189137005DA358 /* SettingViewController.swift */ = {isa = PBXFileReference; lastKnownFileType = sourcecode.swift; path = SettingViewController.swift; sourceTree = "<group>"; };
/* End PBXFileReference section */

/* Begin PBXFrameworksBuildPhase section */
		1B5F94CB22188949005DA358 /* Frameworks */ = {
			isa = PBXFrameworksBuildPhase;
			buildActionMask = 2147483647;
			files = (
			);
			runOnlyForDeploymentPostprocessing = 0;
		};
/* End PBXFrameworksBuildPhase section */

/* Begin PBXGroup section */
		1B5F94C522188949005DA358 = {
			isa = PBXGroup;
			children = (
				1B5F94D022188949005DA358 /* zeynelakcaycom-ios */,
				1B5F94CF22188949005DA358 /* Products */,
			);
			sourceTree = "<group>";
		};
		1B5F94CF22188949005DA358 /* Products */ = {
			isa = PBXGroup;
			children = (
				1B5F94CE22188949005DA358 /* zeynelakcaycom-ios.app */,
			);
			name = Products;
			sourceTree = "<group>";
		};
		1B5F94D022188949005DA358 /* zeynelakcaycom-ios */ = {
			isa = PBXGroup;
			children = (
				1B5F94D122188949005DA358 /* AppDelegate.swift */,
				1B5F94D322188949005DA358 /* ArticleViewController.swift */,
				1B5F94D522188949005DA358 /* CvViewController.swift */,
				1B5F94E522189137005DA358 /* SettingViewController.swift */,
				1B5F94D722188949005DA358 /* Main.storyboard */,
				1B5F94DA22188949005DA358 /* Assets.xcassets */,
				1B5F94DC22188949005DA358 /* LaunchScreen.storyboard */,
				1B5F94DF22188949005DA358 /* Info.plist */,
			);
			path = "zeynelakcaycom-ios";
			sourceTree = "<group>";
		};
/* End PBXGroup section */

/* Begin PBXNativeTarget section */
		1B5F94CD22188949005DA358 /* zeynelakcaycom-ios */ = {
			isa = PBXNativeTarget;
			buildConfigurationList = 1B5F94E222188949005DA358 /* Build configuration list for PBXNativeTarget "zeynelakcaycom-ios" */;
			buildPhases = (
				1B5F94CA22188949005DA358 /* Sources */,
				1B5F94CB22188949005DA358 /* Frameworks */,
				1B5F94CC22188949005DA358 /* Resources */,
			);
			buildRules = (
			);
			dependencies = (
			);
			name = "zeynelakcaycom-ios";
			productName = "zeynelakcaycom-ios";
			productReference = 1B5F94CE22188949005DA358 /* zeynelakcaycom-ios.app */;
			productType = "com.apple.product-type.application";
		};
/* End PBXNativeTarget section */

/* Begin PBXProject section */
		1B5F94C622188949005DA358 /* Project object */ = {
			isa = PBXProject;
			attributes = {
				LastSwiftUpdateCheck = 1010;
				LastUpgradeCheck = 1010;
				ORGANIZATIONNAME = "Zeynel Akçay";
				TargetAttributes = {
					1B5F94CD22188949005DA358 = {
						CreatedOnToolsVersion = 10.1;
					};
				};
			};
			buildConfigurationList = 1B5F94C922188949005DA358 /* Build configuration list for PBXProject "zeynelakcaycom-ios" */;
			compatibilityVersion = "Xcode 9.3";
			developmentRegion = en;
			hasScannedForEncodings = 0;
			knownRegions = (
				en,
				Base,
			);
			mainGroup = 1B5F94C522188949005DA358;
			productRefGroup = 1B5F94CF22188949005DA358 /* Products */;
			projectDirPath = "";
			projectRoot = "";
			targets = (
				1B5F94CD22188949005DA358 /* zeynelakcaycom-ios */,
			);
		};
/* End PBXProject section */

/* Begin PBXResourcesBuildPhase section */
		1B5F94CC22188949005DA358 /* Resources */ = {
			isa = PBXResourcesBuildPhase;
			buildActionMask = 2147483647;
			files = (
				1B5F94DE22188949005DA358 /* LaunchScreen.storyboard in Resources */,
				1B5F94DB22188949005DA358 /* Assets.xcassets in Resources */,
				1B5F94D922188949005DA358 /* Main.storyboard in Resources */,
			);
			runOnlyForDeploymentPostprocessing = 0;
		};
/* End PBXResourcesBuildPhase section */

/* Begin PBXSourcesBuildPhase section */
		1B5F94CA22188949005DA358 /* Sources */ = {
			isa = PBXSourcesBuildPhase;
			buildActionMask = 2147483647;
			files = (
				1B5F94D622188949005DA358 /* CvViewController.swift in Sources */,
				1B5F94D222188949005DA358 /* AppDelegate.swift in Sources */,
				1B5F94D422188949005DA358 /* ArticleViewController.swift in Sources */,
				1B5F94E622189137005DA358 /* SettingViewController.swift in Sources */,
			);
			runOnlyForDeploymentPostprocessing = 0;
		};
/* End PBXSourcesBuildPhase section */

/* Begin PBXVariantGroup section */
		1B5F94D722188949005DA358 /* Main.storyboard */ = {
			isa = PBXVariantGroup;
			children = (
				1B5F94D822188949005DA358 /* Base */,
			);
			name = Main.storyboard;
			sourceTree = "<group>";
		};
		1B5F94DC22188949005DA358 /* LaunchScreen.storyboard */ = {
			isa = PBXVariantGroup;
			children = (
				1B5F94DD22188949005DA358 /* Base */,
			);
			name = LaunchScreen.storyboard;
			sourceTree = "<group>";
		};
/* End PBXVariantGroup section */

/* Begin XCBuildConfiguration section */
		1B5F94E022188949005DA358 /* Debug */ = {
			isa = XCBuildConfiguration;
			buildSettings = {
				ALWAYS_SEARCH_USER_PATHS = NO;
				CLANG_ANALYZER_NONNULL = YES;
				CLANG_ANALYZER_NUMBER_OBJECT_CONVERSION = YES_AGGRESSIVE;
				CLANG_CXX_LANGUAGE_STANDARD = "gnu++14";
				CLANG_CXX_LIBRARY = "libc++";
				CLANG_ENABLE_MODULES = YES;
				CLANG_ENABLE_OBJC_ARC = YES;
				CLANG_ENABLE_OBJC_WEAK = YES;
				CLANG_WARN_BLOCK_CAPTURE_AUTORELEASING = YES;
				CLANG_WARN_BOOL_CONVERSION = YES;
				CLANG_WARN_COMMA = YES;
				CLANG_WARN_CONSTANT_CONVERSION = YES;
				CLANG_WARN_DEPRECATED_OBJC_IMPLEMENTATIONS = YES;
				CLANG_WARN_DIRECT_OBJC_ISA_USAGE = YES_ERROR;
				CLANG_WARN_DOCUMENTATION_COMMENTS = YES;
				CLANG_WARN_EMPTY_BODY = YES;
				CLANG_WARN_ENUM_CONVERSION = YES;
				CLANG_WARN_INFINITE_RECURSION = YES;
				CLANG_WARN_INT_CONVERSION = YES;
				CLANG_WARN_NON_LITERAL_NULL_CONVERSION = YES;
				CLANG_WARN_OBJC_IMPLICIT_RETAIN_SELF = YES;
				CLANG_WARN_OBJC_LITERAL_CONVERSION = YES;
				CLANG_WARN_OBJC_ROOT_CLASS = YES_ERROR;
				CLANG_WARN_RANGE_LOOP_ANALYSIS = YES;
				CLANG_WARN_STRICT_PROTOTYPES = YES;
				CLANG_WARN_SUSPICIOUS_MOVE = YES;
				CLANG_WARN_UNGUARDED_AVAILABILITY = YES_AGGRESSIVE;
				CLANG_WARN_UNREACHABLE_CODE = YES;
				CLANG_WARN__DUPLICATE_METHOD_MATCH = YES;
				CODE_SIGN_IDENTITY = "iPhone Developer";
				COPY_PHASE_STRIP = NO;
				DEBUG_INFORMATION_FORMAT = dwarf;
				ENABLE_STRICT_OBJC_MSGSEND = YES;
				ENABLE_TESTABILITY = YES;
				GCC_C_LANGUAGE_STANDARD = gnu11;
				GCC_DYNAMIC_NO_PIC = NO;
				GCC_NO_COMMON_BLOCKS = YES;
				GCC_OPTIMIZATION_LEVEL = 0;
				GCC_PREPROCESSOR_DEFINITIONS = (
					"DEBUG=1",
					"$(inherited)",
				);
				GCC_WARN_64_TO_32_BIT_CONVERSION = YES;
				GCC_WARN_ABOUT_RETURN_TYPE = YES_ERROR;
				GCC_WARN_UNDECLARED_SELECTOR = YES;
				GCC_WARN_UNINITIALIZED_AUTOS = YES_AGGRESSIVE;
				GCC_WARN_UNUSED_FUNCTION = YES;
				GCC_WARN_UNUSED_VARIABLE = YES;
				IPHONEOS_DEPLOYMENT_TARGET = 12.1;
				MTL_ENABLE_DEBUG_INFO = INCLUDE_SOURCE;
				MTL_FAST_MATH = YES;
				ONLY_ACTIVE_ARCH = YES;
				SDKROOT = iphoneos;
				SWIFT_ACTIVE_COMPILATION_CONDITIONS = DEBUG;
				SWIFT_OPTIMIZATION_LEVEL = "-Onone";
			};
			name = Debug;
		};
		1B5F94E122188949005DA358 /* Release */ = {
			isa = XCBuildConfiguration;
			buildSettings = {
				ALWAYS_SEARCH_USER_PATHS = NO;
				CLANG_ANALYZER_NONNULL = YES;
				CLANG_ANALYZER_NUMBER_OBJECT_CONVERSION = YES_AGGRESSIVE;
				CLANG_CXX_LANGUAGE_STANDARD = "gnu++14";
				CLANG_CXX_LIBRARY = "libc++";
				CLANG_ENABLE_MODULES = YES;
				CLANG_ENABLE_OBJC_ARC = YES;
				CLANG_ENABLE_OBJC_WEAK = YES;
				CLANG_WARN_BLOCK_CAPTURE_AUTORELEASING = YES;
				CLANG_WARN_BOOL_CONVERSION = YES;
				CLANG_WARN_COMMA = YES;
				CLANG_WARN_CONSTANT_CONVERSION = YES;
				CLANG_WARN_DEPRECATED_OBJC_IMPLEMENTATIONS = YES;
				CLANG_WARN_DIRECT_OBJC_ISA_USAGE = YES_ERROR;
				CLANG_WARN_DOCUMENTATION_COMMENTS = YES;
				CLANG_WARN_EMPTY_BODY = YES;
				CLANG_WARN_ENUM_CONVERSION = YES;
				CLANG_WARN_INFINITE_RECURSION = YES;
				CLANG_WARN_INT_CONVERSION = YES;
				CLANG_WARN_NON_LITERAL_NULL_CONVERSION = YES;
				CLANG_WARN_OBJC_IMPLICIT_RETAIN_SELF = YES;
				CLANG_WARN_OBJC_LITERAL_CONVERSION = YES;
				CLANG_WARN_OBJC_ROOT_CLASS = YES_ERROR;
				CLANG_WARN_RANGE_LOOP_ANALYSIS = YES;
				CLANG_WARN_STRICT_PROTOTYPES = YES;
				CLANG_WARN_SUSPICIOUS_MOVE = YES;
				CLANG_WARN_UNGUARDED_AVAILABILITY = YES_AGGRESSIVE;
				CLANG_WARN_UNREACHABLE_CODE = YES;
				CLANG_WARN__DUPLICATE_METHOD_MATCH = YES;
				CODE_SIGN_IDENTITY = "iPhone Developer";
				COPY_PHASE_STRIP = NO;
				DEBUG_INFORMATION_FORMAT = "dwarf-with-dsym";
				ENABLE_NS_ASSERTIONS = NO;
				ENABLE_STRICT_OBJC_MSGSEND = YES;
				GCC_C_LANGUAGE_STANDARD = gnu11;
				GCC_NO_COMMON_BLOCKS = YES;
				GCC_WARN_64_TO_32_BIT_CONVERSION = YES;
				GCC_WARN_ABOUT_RETURN_TYPE = YES_ERROR;
				GCC_WARN_UNDECLARED_SELECTOR = YES;
				GCC_WARN_UNINITIALIZED_AUTOS = YES_AGGRESSIVE;
				GCC_WARN_UNUSED_FUNCTION = YES;
				GCC_WARN_UNUSED_VARIABLE = YES;
				IPHONEOS_DEPLOYMENT_TARGET = 12.1;
				MTL_ENABLE_DEBUG_INFO = NO;
				MTL_FAST_MATH = YES;
				SDKROOT = iphoneos;
				SWIFT_COMPILATION_MODE = wholemodule;
				SWIFT_OPTIMIZATION_LEVEL = "-O";
				VALIDATE_PRODUCT = YES;
			};
			name = Release;
		};
		1B5F94E322188949005DA358 /* Debug */ = {
			isa = XCBuildConfiguration;
			buildSettings = {
				ASSETCATALOG_COMPILER_APPICON_NAME = AppIcon;
				CODE_SIGN_STYLE = Automatic;
				DEVELOPMENT_TEAM = 2JYB5J6F8Y;
				INFOPLIST_FILE = "zeynelakcaycom-ios/Info.plist";
				LD_RUNPATH_SEARCH_PATHS = (
					"$(inherited)",
					"@executable_path/Frameworks",
				);
				PRODUCT_BUNDLE_IDENTIFIER = "com.zeynelakcay.zeynelakcaycom-ios";
				PRODUCT_NAME = "$(TARGET_NAME)";
				SWIFT_VERSION = 4.2;
				TARGETED_DEVICE_FAMILY = "1,2";
			};
			name = Debug;
		};
		1B5F94E422188949005DA358 /* Release */ = {
			isa = XCBuildConfiguration;
			buildSettings = {
				ASSETCATALOG_COMPILER_APPICON_NAME = AppIcon;
				CODE_SIGN_STYLE = Automatic;
				DEVELOPMENT_TEAM = 2JYB5J6F8Y;
				INFOPLIST_FILE = "zeynelakcaycom-ios/Info.plist";
				LD_RUNPATH_SEARCH_PATHS = (
					"$(inherited)",
					"@executable_path/Frameworks",
				);
				PRODUCT_BUNDLE_IDENTIFIER = "com.zeynelakcay.zeynelakcaycom-ios";
				PRODUCT_NAME = "$(TARGET_NAME)";
				SWIFT_VERSION = 4.2;
				TARGETED_DEVICE_FAMILY = "1,2";
			};
			name = Release;
		};
/* End XCBuildConfiguration section */

/* Begin XCConfigurationList section */
		1B5F94C922188949005DA358 /* Build configuration list for PBXProject "zeynelakcaycom-ios" */ = {
			isa = XCConfigurationList;
			buildConfigurations = (
				1B5F94E022188949005DA358 /* Debug */,
				1B5F94E122188949005DA358 /* Release */,
			);
			defaultConfigurationIsVisible = 0;
			defaultConfigurationName = Release;
		};
		1B5F94E222188949005DA358 /* Build configuration list for PBXNativeTarget "zeynelakcaycom-ios" */ = {
			isa = XCConfigurationList;
			buildConfigurations = (
				1B5F94E322188949005DA358 /* Debug */,
				1B5F94E422188949005DA358 /* Release */,
			);
			defaultConfigurationIsVisible = 0;
			defaultConfigurationName = Release;
		};
/* End XCConfigurationList section */
	};
	rootObject = 1B5F94C622188949005DA358 /* Project object */;
}
